// !$*UTF8*$!
{
	archiveVersion = 1;
	classes = {
	};
	objectVersion = 56;
	objects = {

/* Begin PBXBuildFile section */
		AF28D5D629D36005008E6DB3 /* AppDelegate.swift in Sources */ = {isa = PBXBuildFile; fileRef = AF28D5D529D36005008E6DB3 /* AppDelegate.swift */; };
		AF28D5D829D36005008E6DB3 /* SceneDelegate.swift in Sources */ = {isa = PBXBuildFile; fileRef = AF28D5D729D36005008E6DB3 /* SceneDelegate.swift */; };
		AF28D5DA29D36005008E6DB3 /* ViewController.swift in Sources */ = {isa = PBXBuildFile; fileRef = AF28D5D929D36005008E6DB3 /* ViewController.swift */; };
		AF28D5DD29D36005008E6DB3 /* Main.storyboard in Resources */ = {isa = PBXBuildFile; fileRef = AF28D5DB29D36005008E6DB3 /* Main.storyboard */; };
		AF28D5DF29D36007008E6DB3 /* Assets.xcassets in Resources */ = {isa = PBXBuildFile; fileRef = AF28D5DE29D36007008E6DB3 /* Assets.xcassets */; };
		AF28D5E229D36007008E6DB3 /* LaunchScreen.storyboard in Resources */ = {isa = PBXBuildFile; fileRef = AF28D5E029D36007008E6DB3 /* LaunchScreen.storyboard */; };
		AF28D5ED29D36008008E6DB3 /* QuizRTests.swift in Sources */ = {isa = PBXBuildFile; fileRef = AF28D5EC29D36008008E6DB3 /* QuizRTests.swift */; };
		AF28D5F729D36008008E6DB3 /* QuizRUITests.swift in Sources */ = {isa = PBXBuildFile; fileRef = AF28D5F629D36008008E6DB3 /* QuizRUITests.swift */; };
		AF28D5F929D36008008E6DB3 /* QuizRUITestsLaunchTests.swift in Sources */ = {isa = PBXBuildFile; fileRef = AF28D5F829D36008008E6DB3 /* QuizRUITestsLaunchTests.swift */; };
/* End PBXBuildFile section */

/* Begin PBXContainerItemProxy section */
		AF28D5E929D36008008E6DB3 /* PBXContainerItemProxy */ = {
			isa = PBXContainerItemProxy;
			containerPortal = AF28D5CA29D36004008E6DB3 /* Project object */;
			proxyType = 1;
			remoteGlobalIDString = AF28D5D129D36004008E6DB3;
			remoteInfo = QuizR;
		};
		AF28D5F329D36008008E6DB3 /* PBXContainerItemProxy */ = {
			isa = PBXContainerItemProxy;
			containerPortal = AF28D5CA29D36004008E6DB3 /* Project object */;
			proxyType = 1;
			remoteGlobalIDString = AF28D5D129D36004008E6DB3;
			remoteInfo = QuizR;
		};
/* End PBXContainerItemProxy section */

/* Begin PBXFileReference section */
		AF28D5D229D36004008E6DB3 /* QuizR.app */ = {isa = PBXFileReference; explicitFileType = wrapper.application; includeInIndex = 0; path = QuizR.app; sourceTree = BUILT_PRODUCTS_DIR; };
		AF28D5D529D36005008E6DB3 /* AppDelegate.swift */ = {isa = PBXFileReference; lastKnownFileType = sourcecode.swift; path = AppDelegate.swift; sourceTree = "<group>"; };
		AF28D5D729D36005008E6DB3 /* SceneDelegate.swift */ = {isa = PBXFileReference; lastKnownFileType = sourcecode.swift; path = SceneDelegate.swift; sourceTree = "<group>"; };
		AF28D5D929D36005008E6DB3 /* ViewController.swift */ = {isa = PBXFileReference; lastKnownFileType = sourcecode.swift; path = ViewController.swift; sourceTree = "<group>"; };
		AF28D5DC29D36005008E6DB3 /* Base */ = {isa = PBXFileReference; lastKnownFileType = file.storyboard; name = Base; path = Base.lproj/Main.storyboard; sourceTree = "<group>"; };
		AF28D5DE29D36007008E6DB3 /* Assets.xcassets */ = {isa = PBXFileReference; lastKnownFileType = folder.assetcatalog; path = Assets.xcassets; sourceTree = "<group>"; };
		AF28D5E129D36007008E6DB3 /* Base */ = {isa = PBXFileReference; lastKnownFileType = file.storyboard; name = Base; path = Base.lproj/LaunchScreen.storyboard; sourceTree = "<group>"; };
		AF28D5E329D36007008E6DB3 /* Info.plist */ = {isa = PBXFileReference; lastKnownFileType = text.plist.xml; path = Info.plist; sourceTree = "<group>"; };
		AF28D5E829D36008008E6DB3 /* QuizRTests.xctest */ = {isa = PBXFileReference; explicitFileType = wrapper.cfbundle; includeInIndex = 0; path = QuizRTests.xctest; sourceTree = BUILT_PRODUCTS_DIR; };
		AF28D5EC29D36008008E6DB3 /* QuizRTests.swift */ = {isa = PBXFileReference; lastKnownFileType = sourcecode.swift; path = QuizRTests.swift; sourceTree = "<group>"; };
		AF28D5F229D36008008E6DB3 /* QuizRUITests.xctest */ = {isa = PBXFileReference; explicitFileType = wrapper.cfbundle; includeInIndex = 0; path = QuizRUITests.xctest; sourceTree = BUILT_PRODUCTS_DIR; };
		AF28D5F629D36008008E6DB3 /* QuizRUITests.swift */ = {isa = PBXFileReference; lastKnownFileType = sourcecode.swift; path = QuizRUITests.swift; sourceTree = "<group>"; };
		AF28D5F829D36008008E6DB3 /* QuizRUITestsLaunchTests.swift */ = {isa = PBXFileReference; lastKnownFileType = sourcecode.swift; path = QuizRUITestsLaunchTests.swift; sourceTree = "<group>"; };
/* End PBXFileReference section */

/* Begin PBXFrameworksBuildPhase section */
		AF28D5CF29D36004008E6DB3 /* Frameworks */ = {
			isa = PBXFrameworksBuildPhase;
			buildActionMask = 2147483647;
			files = (
			);
			runOnlyForDeploymentPostprocessing = 0;
		};
		AF28D5E529D36008008E6DB3 /* Frameworks */ = {
			isa = PBXFrameworksBuildPhase;
			buildActionMask = 2147483647;
			files = (
			);
			runOnlyForDeploymentPostprocessing = 0;
		};
		AF28D5EF29D36008008E6DB3 /* Frameworks */ = {
			isa = PBXFrameworksBuildPhase;
			buildActionMask = 2147483647;
			files = (
			);
			runOnlyForDeploymentPostprocessing = 0;
		};
/* End PBXFrameworksBuildPhase section */

/* Begin PBXGroup section */
		AF28D5C929D36004008E6DB3 = {
			isa = PBXGroup;
			children = (
				AF28D5D429D36004008E6DB3 /* QuizR */,
				AF28D5EB29D36008008E6DB3 /* QuizRTests */,
				AF28D5F529D36008008E6DB3 /* QuizRUITests */,
				AF28D5D329D36004008E6DB3 /* Products */,
			);
			sourceTree = "<group>";
		};
		AF28D5D329D36004008E6DB3 /* Products */ = {
			isa = PBXGroup;
			children = (
				AF28D5D229D36004008E6DB3 /* QuizR.app */,
				AF28D5E829D36008008E6DB3 /* QuizRTests.xctest */,
				AF28D5F229D36008008E6DB3 /* QuizRUITests.xctest */,
			);
			name = Products;
			sourceTree = "<group>";
		};
		AF28D5D429D36004008E6DB3 /* QuizR */ = {
			isa = PBXGroup;
			children = (
				AF28D5D529D36005008E6DB3 /* AppDelegate.swift */,
				AF28D5D729D36005008E6DB3 /* SceneDelegate.swift */,
				AF28D5D929D36005008E6DB3 /* ViewController.swift */,
				AF28D5DB29D36005008E6DB3 /* Main.storyboard */,
				AF28D5DE29D36007008E6DB3 /* Assets.xcassets */,
				AF28D5E029D36007008E6DB3 /* LaunchScreen.storyboard */,
				AF28D5E329D36007008E6DB3 /* Info.plist */,
			);
			path = QuizR;
			sourceTree = "<group>";
		};
		AF28D5EB29D36008008E6DB3 /* QuizRTests */ = {
			isa = PBXGroup;
			children = (
				AF28D5EC29D36008008E6DB3 /* QuizRTests.swift */,
			);
			path = QuizRTests;
			sourceTree = "<group>";
		};
		AF28D5F529D36008008E6DB3 /* QuizRUITests */ = {
			isa = PBXGroup;
			children = (
				AF28D5F629D36008008E6DB3 /* QuizRUITests.swift */,
				AF28D5F829D36008008E6DB3 /* QuizRUITestsLaunchTests.swift */,
			);
			path = QuizRUITests;
			sourceTree = "<group>";
		};
/* End PBXGroup section */

/* Begin PBXNativeTarget section */
		AF28D5D129D36004008E6DB3 /* QuizR */ = {
			isa = PBXNativeTarget;
			buildConfigurationList = AF28D5FC29D36008008E6DB3 /* Build configuration list for PBXNativeTarget "QuizR" */;
			buildPhases = (
				AF28D5CE29D36004008E6DB3 /* Sources */,
				AF28D5CF29D36004008E6DB3 /* Frameworks */,
				AF28D5D029D36004008E6DB3 /* Resources */,
			);
			buildRules = (
			);
			dependencies = (
			);
			name = QuizR;
			productName = QuizR;
			productReference = AF28D5D229D36004008E6DB3 /* QuizR.app */;
			productType = "com.apple.product-type.application";
		};
		AF28D5E729D36008008E6DB3 /* QuizRTests */ = {
			isa = PBXNativeTarget;
			buildConfigurationList = AF28D5FF29D36008008E6DB3 /* Build configuration list for PBXNativeTarget "QuizRTests" */;
			buildPhases = (
				AF28D5E429D36008008E6DB3 /* Sources */,
				AF28D5E529D36008008E6DB3 /* Frameworks */,
				AF28D5E629D36008008E6DB3 /* Resources */,
			);
			buildRules = (
			);
			dependencies = (
				AF28D5EA29D36008008E6DB3 /* PBXTargetDependency */,
			);
			name = QuizRTests;
			productName = QuizRTests;
			productReference = AF28D5E829D36008008E6DB3 /* QuizRTests.xctest */;
			productType = "com.apple.product-type.bundle.unit-test";
		};
		AF28D5F129D36008008E6DB3 /* QuizRUITests */ = {
			isa = PBXNativeTarget;
			buildConfigurationList = AF28D60229D36008008E6DB3 /* Build configuration list for PBXNativeTarget "QuizRUITests" */;
			buildPhases = (
				AF28D5EE29D36008008E6DB3 /* Sources */,
				AF28D5EF29D36008008E6DB3 /* Frameworks */,
				AF28D5F029D36008008E6DB3 /* Resources */,
			);
			buildRules = (
			);
			dependencies = (
				AF28D5F429D36008008E6DB3 /* PBXTargetDependency */,
			);
			name = QuizRUITests;
			productName = QuizRUITests;
			productReference = AF28D5F229D36008008E6DB3 /* QuizRUITests.xctest */;
			productType = "com.apple.product-type.bundle.ui-testing";
		};
/* End PBXNativeTarget section */

/* Begin PBXProject section */
		AF28D5CA29D36004008E6DB3 /* Project object */ = {
			isa = PBXProject;
			attributes = {
				BuildIndependentTargetsInParallel = 1;
				LastSwiftUpdateCheck = 1420;
				LastUpgradeCheck = 1420;
				TargetAttributes = {
					AF28D5D129D36004008E6DB3 = {
						CreatedOnToolsVersion = 14.2;
					};
					AF28D5E729D36008008E6DB3 = {
						CreatedOnToolsVersion = 14.2;
						TestTargetID = AF28D5D129D36004008E6DB3;
					};
					AF28D5F129D36008008E6DB3 = {
						CreatedOnToolsVersion = 14.2;
						TestTargetID = AF28D5D129D36004008E6DB3;
					};
				};
			};
			buildConfigurationList = AF28D5CD29D36004008E6DB3 /* Build configuration list for PBXProject "QuizR" */;
			compatibilityVersion = "Xcode 14.0";
			developmentRegion = en;
			hasScannedForEncodings = 0;
			knownRegions = (
				en,
				Base,
			);
			mainGroup = AF28D5C929D36004008E6DB3;
			productRefGroup = AF28D5D329D36004008E6DB3 /* Products */;
			projectDirPath = "";
			projectRoot = "";
			targets = (
				AF28D5D129D36004008E6DB3 /* QuizR */,
				AF28D5E729D36008008E6DB3 /* QuizRTests */,
				AF28D5F129D36008008E6DB3 /* QuizRUITests */,
			);
		};
/* End PBXProject section */

/* Begin PBXResourcesBuildPhase section */
		AF28D5D029D36004008E6DB3 /* Resources */ = {
			isa = PBXResourcesBuildPhase;
			buildActionMask = 2147483647;
			files = (
				AF28D5E229D36007008E6DB3 /* LaunchScreen.storyboard in Resources */,
				AF28D5DF29D36007008E6DB3 /* Assets.xcassets in Resources */,
				AF28D5DD29D36005008E6DB3 /* Main.storyboard in Resources */,
			);
			runOnlyForDeploymentPostprocessing = 0;
		};
		AF28D5E629D36008008E6DB3 /* Resources */ = {
			isa = PBXResourcesBuildPhase;
			buildActionMask = 2147483647;
			files = (
			);
			runOnlyForDeploymentPostprocessing = 0;
		};
		AF28D5F029D36008008E6DB3 /* Resources */ = {
			isa = PBXResourcesBuildPhase;
			buildActionMask = 2147483647;
			files = (
			);
			runOnlyForDeploymentPostprocessing = 0;
		};
/* End PBXResourcesBuildPhase section */

/* Begin PBXSourcesBuildPhase section */
		AF28D5CE29D36004008E6DB3 /* Sources */ = {
			isa = PBXSourcesBuildPhase;
			buildActionMask = 2147483647;
			files = (
				AF28D5DA29D36005008E6DB3 /* ViewController.swift in Sources */,
				AF28D5D629D36005008E6DB3 /* AppDelegate.swift in Sources */,
				AF28D5D829D36005008E6DB3 /* SceneDelegate.swift in Sources */,
			);
			runOnlyForDeploymentPostprocessing = 0;
		};
		AF28D5E429D36008008E6DB3 /* Sources */ = {
			isa = PBXSourcesBuildPhase;
			buildActionMask = 2147483647;
			files = (
				AF28D5ED29D36008008E6DB3 /* QuizRTests.swift in Sources */,
			);
			runOnlyForDeploymentPostprocessing = 0;
		};
		AF28D5EE29D36008008E6DB3 /* Sources */ = {
			isa = PBXSourcesBuildPhase;
			buildActionMask = 2147483647;
			files = (
				AF28D5F929D36008008E6DB3 /* QuizRUITestsLaunchTests.swift in Sources */,
				AF28D5F729D36008008E6DB3 /* QuizRUITests.swift in Sources */,
			);
			runOnlyForDeploymentPostprocessing = 0;
		};
/* End PBXSourcesBuildPhase section */

/* Begin PBXTargetDependency section */
		AF28D5EA29D36008008E6DB3 /* PBXTargetDependency */ = {
			isa = PBXTargetDependency;
			target = AF28D5D129D36004008E6DB3 /* QuizR */;
			targetProxy = AF28D5E929D36008008E6DB3 /* PBXContainerItemProxy */;
		};
		AF28D5F429D36008008E6DB3 /* PBXTargetDependency */ = {
			isa = PBXTargetDependency;
			target = AF28D5D129D36004008E6DB3 /* QuizR */;
			targetProxy = AF28D5F329D36008008E6DB3 /* PBXContainerItemProxy */;
		};
/* End PBXTargetDependency section */

/* Begin PBXVariantGroup section */
		AF28D5DB29D36005008E6DB3 /* Main.storyboard */ = {
			isa = PBXVariantGroup;
			children = (
				AF28D5DC29D36005008E6DB3 /* Base */,
			);
			name = Main.storyboard;
			sourceTree = "<group>";
		};
		AF28D5E029D36007008E6DB3 /* LaunchScreen.storyboard */ = {
			isa = PBXVariantGroup;
			children = (
				AF28D5E129D36007008E6DB3 /* Base */,
			);
			name = LaunchScreen.storyboard;
			sourceTree = "<group>";
		};
/* End PBXVariantGroup section */

/* Begin XCBuildConfiguration section */
		AF28D5FA29D36008008E6DB3 /* Debug */ = {
			isa = XCBuildConfiguration;
			buildSettings = {
				ALWAYS_SEARCH_USER_PATHS = NO;
				CLANG_ANALYZER_NONNULL = YES;
				CLANG_ANALYZER_NUMBER_OBJECT_CONVERSION = YES_AGGRESSIVE;
				CLANG_CXX_LANGUAGE_STANDARD = "gnu++20";
				CLANG_ENABLE_MODULES = YES;
				CLANG_ENABLE_OBJC_ARC = YES;
				CLANG_ENABLE_OBJC_WEAK = YES;
				CLANG_WARN_BLOCK_CAPTURE_AUTORELEASING = YES;
				CLANG_WARN_BOOL_CONVERSION = YES;
				CLANG_WARN_COMMA = YES;
				CLANG_WARN_CONSTANT_CONVERSION = YES;
				CLANG_WARN_DEPRECATED_OBJC_IMPLEMENTATIONS = YES;
				CLANG_WARN_DIRECT_OBJC_ISA_USAGE = YES_ERROR;
				CLANG_WARN_DOCUMENTATION_COMMENTS = YES;
				CLANG_WARN_EMPTY_BODY = YES;
				CLANG_WARN_ENUM_CONVERSION = YES;
				CLANG_WARN_INFINITE_RECURSION = YES;
				CLANG_WARN_INT_CONVERSION = YES;
				CLANG_WARN_NON_LITERAL_NULL_CONVERSION = YES;
				CLANG_WARN_OBJC_IMPLICIT_RETAIN_SELF = YES;
				CLANG_WARN_OBJC_LITERAL_CONVERSION = YES;
				CLANG_WARN_OBJC_ROOT_CLASS = YES_ERROR;
				CLANG_WARN_QUOTED_INCLUDE_IN_FRAMEWORK_HEADER = YES;
				CLANG_WARN_RANGE_LOOP_ANALYSIS = YES;
				CLANG_WARN_STRICT_PROTOTYPES = YES;
				CLANG_WARN_SUSPICIOUS_MOVE = YES;
				CLANG_WARN_UNGUARDED_AVAILABILITY = YES_AGGRESSIVE;
				CLANG_WARN_UNREACHABLE_CODE = YES;
				CLANG_WARN__DUPLICATE_METHOD_MATCH = YES;
				COPY_PHASE_STRIP = NO;
				DEBUG_INFORMATION_FORMAT = dwarf;
				ENABLE_STRICT_OBJC_MSGSEND = YES;
				ENABLE_TESTABILITY = YES;
				GCC_C_LANGUAGE_STANDARD = gnu11;
				GCC_DYNAMIC_NO_PIC = NO;
				GCC_NO_COMMON_BLOCKS = YES;
				GCC_OPTIMIZATION_LEVEL = 0;
				GCC_PREPROCESSOR_DEFINITIONS = (
					"DEBUG=1",
					"$(inherited)",
				);
				GCC_WARN_64_TO_32_BIT_CONVERSION = YES;
				GCC_WARN_ABOUT_RETURN_TYPE = YES_ERROR;
				GCC_WARN_UNDECLARED_SELECTOR = YES;
				GCC_WARN_UNINITIALIZED_AUTOS = YES_AGGRESSIVE;
				GCC_WARN_UNUSED_FUNCTION = YES;
				GCC_WARN_UNUSED_VARIABLE = YES;
				IPHONEOS_DEPLOYMENT_TARGET = 16.2;
				MTL_ENABLE_DEBUG_INFO = INCLUDE_SOURCE;
				MTL_FAST_MATH = YES;
				ONLY_ACTIVE_ARCH = YES;
				SDKROOT = iphoneos;
				SWIFT_ACTIVE_COMPILATION_CONDITIONS = DEBUG;
				SWIFT_OPTIMIZATION_LEVEL = "-Onone";
			};
			name = Debug;
		};
		AF28D5FB29D36008008E6DB3 /* Release */ = {
			isa = XCBuildConfiguration;
			buildSettings = {
				ALWAYS_SEARCH_USER_PATHS = NO;
				CLANG_ANALYZER_NONNULL = YES;
				CLANG_ANALYZER_NUMBER_OBJECT_CONVERSION = YES_AGGRESSIVE;
				CLANG_CXX_LANGUAGE_STANDARD = "gnu++20";
				CLANG_ENABLE_MODULES = YES;
				CLANG_ENABLE_OBJC_ARC = YES;
				CLANG_ENABLE_OBJC_WEAK = YES;
				CLANG_WARN_BLOCK_CAPTURE_AUTORELEASING = YES;
				CLANG_WARN_BOOL_CONVERSION = YES;
				CLANG_WARN_COMMA = YES;
				CLANG_WARN_CONSTANT_CONVERSION = YES;
				CLANG_WARN_DEPRECATED_OBJC_IMPLEMENTATIONS = YES;
				CLANG_WARN_DIRECT_OBJC_ISA_USAGE = YES_ERROR;
				CLANG_WARN_DOCUMENTATION_COMMENTS = YES;
				CLANG_WARN_EMPTY_BODY = YES;
				CLANG_WARN_ENUM_CONVERSION = YES;
				CLANG_WARN_INFINITE_RECURSION = YES;
				CLANG_WARN_INT_CONVERSION = YES;
				CLANG_WARN_NON_LITERAL_NULL_CONVERSION = YES;
				CLANG_WARN_OBJC_IMPLICIT_RETAIN_SELF = YES;
				CLANG_WARN_OBJC_LITERAL_CONVERSION = YES;
				CLANG_WARN_OBJC_ROOT_CLASS = YES_ERROR;
				CLANG_WARN_QUOTED_INCLUDE_IN_FRAMEWORK_HEADER = YES;
				CLANG_WARN_RANGE_LOOP_ANALYSIS = YES;
				CLANG_WARN_STRICT_PROTOTYPES = YES;
				CLANG_WARN_SUSPICIOUS_MOVE = YES;
				CLANG_WARN_UNGUARDED_AVAILABILITY = YES_AGGRESSIVE;
				CLANG_WARN_UNREACHABLE_CODE = YES;
				CLANG_WARN__DUPLICATE_METHOD_MATCH = YES;
				COPY_PHASE_STRIP = NO;
				DEBUG_INFORMATION_FORMAT = "dwarf-with-dsym";
				ENABLE_NS_ASSERTIONS = NO;
				ENABLE_STRICT_OBJC_MSGSEND = YES;
				GCC_C_LANGUAGE_STANDARD = gnu11;
				GCC_NO_COMMON_BLOCKS = YES;
				GCC_WARN_64_TO_32_BIT_CONVERSION = YES;
				GCC_WARN_ABOUT_RETURN_TYPE = YES_ERROR;
				GCC_WARN_UNDECLARED_SELECTOR = YES;
				GCC_WARN_UNINITIALIZED_AUTOS = YES_AGGRESSIVE;
				GCC_WARN_UNUSED_FUNCTION = YES;
				GCC_WARN_UNUSED_VARIABLE = YES;
				IPHONEOS_DEPLOYMENT_TARGET = 16.2;
				MTL_ENABLE_DEBUG_INFO = NO;
				MTL_FAST_MATH = YES;
				SDKROOT = iphoneos;
				SWIFT_COMPILATION_MODE = wholemodule;
				SWIFT_OPTIMIZATION_LEVEL = "-O";
				VALIDATE_PRODUCT = YES;
			};
			name = Release;
		};
		AF28D5FD29D36008008E6DB3 /* Debug */ = {
			isa = XCBuildConfiguration;
			buildSettings = {
				ASSETCATALOG_COMPILER_APPICON_NAME = AppIcon;
				ASSETCATALOG_COMPILER_GLOBAL_ACCENT_COLOR_NAME = AccentColor;
				CODE_SIGN_STYLE = Automatic;
				CURRENT_PROJECT_VERSION = 1;
				DEVELOPMENT_TEAM = 3RGAMMG7HT;
				GENERATE_INFOPLIST_FILE = YES;
				INFOPLIST_FILE = QuizR/Info.plist;
				INFOPLIST_KEY_UIApplicationSupportsIndirectInputEvents = YES;
				INFOPLIST_KEY_UILaunchStoryboardName = LaunchScreen;
				INFOPLIST_KEY_UIMainStoryboardFile = Main;
				INFOPLIST_KEY_UISupportedInterfaceOrientations_iPad = "UIInterfaceOrientationPortrait UIInterfaceOrientationPortraitUpsideDown UIInterfaceOrientationLandscapeLeft UIInterfaceOrientationLandscapeRight";
				INFOPLIST_KEY_UISupportedInterfaceOrientations_iPhone = "UIInterfaceOrientationPortrait UIInterfaceOrientationLandscapeLeft UIInterfaceOrientationLandscapeRight";
				LD_RUNPATH_SEARCH_PATHS = (
					"$(inherited)",
					"@executable_path/Frameworks",
				);
				MARKETING_VERSION = 1.0;
				PRODUCT_BUNDLE_IDENTIFIER = NewApp.QuizR;
				PRODUCT_NAME = "$(TARGET_NAME)";
				SWIFT_EMIT_LOC_STRINGS = YES;
				SWIFT_VERSION = 5.0;
				TARGETED_DEVICE_FAMILY = "1,2";
			};
			name = Debug;
		};
		AF28D5FE29D36008008E6DB3 /* Release */ = {
			isa = XCBuildConfiguration;
			buildSettings = {
				ASSETCATALOG_COMPILER_APPICON_NAME = AppIcon;
				ASSETCATALOG_COMPILER_GLOBAL_ACCENT_COLOR_NAME = AccentColor;
				CODE_SIGN_STYLE = Automatic;
				CURRENT_PROJECT_VERSION = 1;
				DEVELOPMENT_TEAM = 3RGAMMG7HT;
				GENERATE_INFOPLIST_FILE = YES;
				INFOPLIST_FILE = QuizR/Info.plist;
				INFOPLIST_KEY_UIApplicationSupportsIndirectInputEvents = YES;
				INFOPLIST_KEY_UILaunchStoryboardName = LaunchScreen;
				INFOPLIST_KEY_UIMainStoryboardFile = Main;
				INFOPLIST_KEY_UISupportedInterfaceOrientations_iPad = "UIInterfaceOrientationPortrait UIInterfaceOrientationPortraitUpsideDown UIInterfaceOrientationLandscapeLeft UIInterfaceOrientationLandscapeRight";
				INFOPLIST_KEY_UISupportedInterfaceOrientations_iPhone = "UIInterfaceOrientationPortrait UIInterfaceOrientationLandscapeLeft UIInterfaceOrientationLandscapeRight";
				LD_RUNPATH_SEARCH_PATHS = (
					"$(inherited)",
					"@executable_path/Frameworks",
				);
				MARKETING_VERSION = 1.0;
				PRODUCT_BUNDLE_IDENTIFIER = NewApp.QuizR;
				PRODUCT_NAME = "$(TARGET_NAME)";
				SWIFT_EMIT_LOC_STRINGS = YES;
				SWIFT_VERSION = 5.0;
				TARGETED_DEVICE_FAMILY = "1,2";
			};
			name = Release;
		};
		AF28D60029D36008008E6DB3 /* Debug */ = {
			isa = XCBuildConfiguration;
			buildSettings = {
				ALWAYS_EMBED_SWIFT_STANDARD_LIBRARIES = YES;
				BUNDLE_LOADER = "$(TEST_HOST)";
				CODE_SIGN_STYLE = Automatic;
				CURRENT_PROJECT_VERSION = 1;
				DEVELOPMENT_TEAM = 3RGAMMG7HT;
				GENERATE_INFOPLIST_FILE = YES;
				IPHONEOS_DEPLOYMENT_TARGET = 16.2;
				MARKETING_VERSION = 1.0;
				PRODUCT_BUNDLE_IDENTIFIER = NewApp.QuizRTests;
				PRODUCT_NAME = "$(TARGET_NAME)";
				SWIFT_EMIT_LOC_STRINGS = NO;
				SWIFT_VERSION = 5.0;
				TARGETED_DEVICE_FAMILY = "1,2";
				TEST_HOST = "$(BUILT_PRODUCTS_DIR)/QuizR.app/$(BUNDLE_EXECUTABLE_FOLDER_PATH)/QuizR";
			};
			name = Debug;
		};
		AF28D60129D36008008E6DB3 /* Release */ = {
			isa = XCBuildConfiguration;
			buildSettings = {
				ALWAYS_EMBED_SWIFT_STANDARD_LIBRARIES = YES;
				BUNDLE_LOADER = "$(TEST_HOST)";
				CODE_SIGN_STYLE = Automatic;
				CURRENT_PROJECT_VERSION = 1;
				DEVELOPMENT_TEAM = 3RGAMMG7HT;
				GENERATE_INFOPLIST_FILE = YES;
				IPHONEOS_DEPLOYMENT_TARGET = 16.2;
				MARKETING_VERSION = 1.0;
				PRODUCT_BUNDLE_IDENTIFIER = NewApp.QuizRTests;
				PRODUCT_NAME = "$(TARGET_NAME)";
				SWIFT_EMIT_LOC_STRINGS = NO;
				SWIFT_VERSION = 5.0;
				TARGETED_DEVICE_FAMILY = "1,2";
				TEST_HOST = "$(BUILT_PRODUCTS_DIR)/QuizR.app/$(BUNDLE_EXECUTABLE_FOLDER_PATH)/QuizR";
			};
			name = Release;
		};
		AF28D60329D36008008E6DB3 /* Debug */ = {
			isa = XCBuildConfiguration;
			buildSettings = {
				ALWAYS_EMBED_SWIFT_STANDARD_LIBRARIES = YES;
				CODE_SIGN_STYLE = Automatic;
				CURRENT_PROJECT_VERSION = 1;
				DEVELOPMENT_TEAM = 3RGAMMG7HT;
				GENERATE_INFOPLIST_FILE = YES;
				MARKETING_VERSION = 1.0;
				PRODUCT_BUNDLE_IDENTIFIER = NewApp.QuizRUITests;
				PRODUCT_NAME = "$(TARGET_NAME)";
				SWIFT_EMIT_LOC_STRINGS = NO;
				SWIFT_VERSION = 5.0;
				TARGETED_DEVICE_FAMILY = "1,2";
				TEST_TARGET_NAME = QuizR;
			};
			name = Debug;
		};
		AF28D60429D36008008E6DB3 /* Release */ = {
			isa = XCBuildConfiguration;
			buildSettings = {
				ALWAYS_EMBED_SWIFT_STANDARD_LIBRARIES = YES;
				CODE_SIGN_STYLE = Automatic;
				CURRENT_PROJECT_VERSION = 1;
				DEVELOPMENT_TEAM = 3RGAMMG7HT;
				GENERATE_INFOPLIST_FILE = YES;
				MARKETING_VERSION = 1.0;
				PRODUCT_BUNDLE_IDENTIFIER = NewApp.QuizRUITests;
				PRODUCT_NAME = "$(TARGET_NAME)";
				SWIFT_EMIT_LOC_STRINGS = NO;
				SWIFT_VERSION = 5.0;
				TARGETED_DEVICE_FAMILY = "1,2";
				TEST_TARGET_NAME = QuizR;
			};
			name = Release;
		};
/* End XCBuildConfiguration section */

/* Begin XCConfigurationList section */
		AF28D5CD29D36004008E6DB3 /* Build configuration list for PBXProject "QuizR" */ = {
			isa = XCConfigurationList;
			buildConfigurations = (
				AF28D5FA29D36008008E6DB3 /* Debug */,
				AF28D5FB29D36008008E6DB3 /* Release */,
			);
			defaultConfigurationIsVisible = 0;
			defaultConfigurationName = Release;
		};
		AF28D5FC29D36008008E6DB3 /* Build configuration list for PBXNativeTarget "QuizR" */ = {
			isa = XCConfigurationList;
			buildConfigurations = (
				AF28D5FD29D36008008E6DB3 /* Debug */,
				AF28D5FE29D36008008E6DB3 /* Release */,
			);
			defaultConfigurationIsVisible = 0;
			defaultConfigurationName = Release;
		};
		AF28D5FF29D36008008E6DB3 /* Build configuration list for PBXNativeTarget "QuizRTests" */ = {
			isa = XCConfigurationList;
			buildConfigurations = (
				AF28D60029D36008008E6DB3 /* Debug */,
				AF28D60129D36008008E6DB3 /* Release */,
			);
			defaultConfigurationIsVisible = 0;
			defaultConfigurationName = Release;
		};
		AF28D60229D36008008E6DB3 /* Build configuration list for PBXNativeTarget "QuizRUITests" */ = {
			isa = XCConfigurationList;
			buildConfigurations = (
				AF28D60329D36008008E6DB3 /* Debug */,
				AF28D60429D36008008E6DB3 /* Release */,
			);
			defaultConfigurationIsVisible = 0;
			defaultConfigurationName = Release;
		};
/* End XCConfigurationList section */
	};
	rootObject = AF28D5CA29D36004008E6DB3 /* Project object */;
}
